lockfileVersion: '9.0'

settings:
  autoInstallPeers: true
  excludeLinksFromLockfile: false

importers:

  .:
    devDependencies:
      prettier:
        specifier: ^3.5.3
        version: 3.9.8
      turbo:
        specifier: ^2.5.4
        version: 2.11.2

packages:

  '@turbo/darwin-64@2.11.2':
    resolution: {integrity: sha512-0pGfE4Lpxrbd+6gUD9z025Tn4z9uMaSNZ3VX0H/hkUPZkjY5xrCa1NfTqocs09NM5NiYE3wEVcoYBadrhayRCA==}
    cpu: [x64]
    os: [darwin]

  '@turbo/darwin-arm64@2.11.2':
    resolution: {integrity: sha512-Ub7hTbu0bPSiW156ciuLCexG5/SfuZM/QWeBBh9o8P4XyKiZwKqubT6Y9DdJjdp4ZY2wS47Prdl06Xxzt0q6zw==}
    cpu: [arm64]
    os: [darwin]

  '@turbo/linux-64@2.11.2':
    resolution: {integrity: sha512-8ipdmgmvSomfQ8E9afUsefO+BLO6QMW7srrHqMOCXD3BPX4FlYqqWAJY1GvbQotZMWKzNohdVkevrUYM6ZzYKA==}
    cpu: [x64]
    os: [android, linux]

  '@turbo/linux-arm64@2.11.2':
    resolution: {integrity: sha512-tsftYXAzgc+GdosqyRP8+Zzk2evJ8ej7Otal7/DU+6GVekVZ3kqM/z7zlGuF4TSHeetWxX04KN1I64LkmvYzgg==}
    cpu: [arm64]
    os: [android, linux]

  '@turbo/windows-64@2.11.2':
    resolution: {integrity: sha512-p5LDVcGmC8W6FCrJPehr1t0ZvYqM8xvG3Va+LkwtDMK3Rl0NhSsJOYbYZVBfMbkm+9RKcCvekFCbSVtQ9Eyuqg==}
    cpu: [x64]
    os: [win32]

  '@turbo/windows-arm64@2.11.2':
    resolution: {integrity: sha512-u0M3m1aXo9lpDM/2iQhxlGzgWjHFq/MC4TqHn1YAvxk8g1wGtzRB2QBx/SLqRChhPhC29mzaB8eLcxKh/pcM1g==}
    cpu: [arm64]
    os: [win32]

  prettier@3.9.8:
    resolution: {integrity: sha512-WRFq3Wn3WId7LLROfMLdH7xaFr2jR62wU8nLO6rQUOLOxNZUviyJQs1M0iIhLexSFy+L+w0ch66wtoO2jRjG0A==}
    engines: {node: '>=14'}
    hasBin: true

  turbo@2.11.2:
    resolution: {integrity: sha512-s0GhnWXlAAN+wb2GRMQxnZgFweRWTAceRWW/4Lk9iHj7QuLZMjDxQQqu+Xoh7Nckuy8UiSim520w6yqP2+ertw==}
    hasBin: true

snapshots:

  '@turbo/darwin-64@2.11.2':
    optional: true

  '@turbo/darwin-arm64@2.11.2':
    optional: true

  '@turbo/linux-64@2.11.2':
    optional: true

  '@turbo/linux-arm64@2.11.2':
    optional: true

  '@turbo/windows-64@2.11.2':
    optional: true

  '@turbo/windows-arm64@2.11.2':
    optional: true

  prettier@3.9.8: {}

  turbo@2.11.2:
    optionalDependencies:
      '@turbo/darwin-64': 2.11.2
      '@turbo/darwin-arm64': 2.11.2
      '@turbo/linux-64': 2.11.2
      '@turbo/linux-arm64': 2.11.2
      '@turbo/windows-64': 2.11.2
      '@turbo/windows-arm64': 2.11.2
